# THIS IS AN AUTOGENERATED FILE. DO NOT EDIT THIS FILE DIRECTLY.
# yarn lockfile v1


"@img/sharp-darwin-arm64@0.34.2":
  version "0.34.2"
  resolved "https://registry.npmjs.org/@img/sharp-darwin-arm64/-/sharp-darwin-arm64-0.34.2.tgz"
  integrity sha512-OfXHZPppddivUJnqyKoi5YVeHRkkNE2zUFT2gbpKxp/JZCFYEYubnMg+gOp6lWfasPrTS+KPosKqdI+ELYVDtg==
  optionalDependencies:
    "@img/sharp-libvips-darwin-arm64" "1.1.0"

"@img/sharp-libvips-darwin-arm64@1.1.0":
  version "1.1.0"
  resolved "https://registry.npmjs.org/@img/sharp-libvips-darwin-arm64/-/sharp-libvips-darwin-arm64-1.1.0.tgz"
  integrity sha512-HZ/JUmPwrJSoM4DIQPv/BfNh9yrOA8tlBbqbLz4JZ5uew2+o22Ik+tHQJcih7QJuSa0zo5coHTfD5J8inqj9DA==

"@next/env@15.3.4":
  version "15.3.4"
  resolved "https://registry.npmjs.org/@next/env/-/env-15.3.4.tgz"
  integrity sha512-ZkdYzBseS6UjYzz6ylVKPOK+//zLWvD6Ta+vpoye8cW11AjiQjGYVibF0xuvT4L0iJfAPfZLFidaEzAOywyOAQ==

"@next/swc-darwin-arm64@15.3.4":
  version "15.3.4"
  resolved "https://registry.npmjs.org/@next/swc-darwin-arm64/-/swc-darwin-arm64-15.3.4.tgz"
  integrity sha512-z0qIYTONmPRbwHWvpyrFXJd5F9YWLCsw3Sjrzj2ZvMYy9NPQMPZ1NjOJh4ojr4oQzcGYwgJKfidzehaNa1BpEg==

"@stripe/stripe-js@^1.13.1":
  version "1.13.1"
  resolved "https://registry.npmjs.org/@stripe/stripe-js/-/stripe-js-1.13.1.tgz"
  integrity sha512-mmW+38/RJiWP0B7jmekL+MTDpkDMi34ygZ3j0NIoGa/h6eAXlGDA4lOqqg6aMH9Jd2RzDUndKxvSPPQnFnpdqw==

"@swc/counter@0.1.3":
  version "0.1.3"
  resolved "https://registry.npmjs.org/@swc/counter/-/counter-0.1.3.tgz"
  integrity sha512-e2BR4lsJkkRlKZ/qCHPw9ZaSxc0MVUd7gtbtaB7aMvHeJVYe8sOB8DBZkP2DtISHGSku9sCK6T6cnY0CtXrOCQ==

"@swc/helpers@0.5.15":
  version "0.5.15"
  resolved "https://registry.npmjs.org/@swc/helpers/-/helpers-0.5.15.tgz"
  integrity sha512-JQ5TuMi45Owi4/BIMAJBoSQoOJu12oOk/gADqlcUL9JEdHB8vyjUSsxqeNXnmXHjYKMi2WcYtezGEEhqUI/E2g==
  dependencies:
    tslib "^2.8.0"

"@types/luxon@^3.0.1":
  version "3.0.1"
  resolved "https://registry.npmjs.org/@types/luxon/-/luxon-3.0.1.tgz"
  integrity sha512-/LAvk1cMOJt0ghzMFrZEvByUhsiEfeeT2IF53Le+Ki3A538yEL9pRZ7a6MuCxdrYK+YNqNIDmrKU/r2nnw04zQ==

"@types/node@^14.14.35":
  version "14.14.35"
  resolved "https://registry.npmjs.org/@types/node/-/node-14.14.35.tgz"
  integrity sha512-Lt+wj8NVPx0zUmUwumiVXapmaLUcAk3yPuHCFVXras9k5VT9TdhJqKqGVUQCD60OTMCl0qxJ57OiTL0Mic3Iag==

"@types/prop-types@*":
  version "15.7.3"
  resolved "https://registry.npmjs.org/@types/prop-types/-/prop-types-15.7.3.tgz"
  integrity sha512-KfRL3PuHmqQLOG+2tGpRO26Ctg+Cq1E01D2DMriKEATHgWLfeNDmq9e29Q9WIky0dQ3NPkd1mzYH8Lm936Z9qw==

"@types/react@^17.0.3":
  version "17.0.3"
  resolved "https://registry.npmjs.org/@types/react/-/react-17.0.3.tgz"
  integrity sha512-wYOUxIgs2HZZ0ACNiIayItyluADNbONl7kt8lkLjVK8IitMH5QMyAh75Fwhmo37r1m7L2JaFj03sIfxBVDvRAg==
  dependencies:
    "@types/prop-types" "*"
    "@types/scheduler" "*"
    csstype "^3.0.2"

"@types/scheduler@*":
  version "0.16.1"
  resolved "https://registry.npmjs.org/@types/scheduler/-/scheduler-0.16.1.tgz"
  integrity sha512-EaCxbanVeyxDRTQBkdLb3Bvl/HK7PBK6UJjsSixB0iHKoWxE5uu2Q/DgtpOhPIojN0Zl1whvOd7PoHs2P0s5eA==

anymatch@~3.1.1:
  version "3.1.2"
  resolved "https://registry.npmjs.org/anymatch/-/anymatch-3.1.2.tgz"
  integrity sha512-P43ePfOAIupkguHUycrc4qJ9kz8ZiuOUijaETwX7THt0Y/GNK7v0aa8rY816xWjZ7rJdA5XdMcpVFTKMq+RvWg==
  dependencies:
    normalize-path "^3.0.0"
    picomatch "^2.0.4"

binary-extensions@^2.0.0:
  version "2.2.0"
  resolved "https://registry.npmjs.org/binary-extensions/-/binary-extensions-2.2.0.tgz"
  integrity sha512-jDctJ/IVQbZoJykoeHbhXpOlNBqGNcwXJKJog42E5HDPUwQTSdjCHdihjj0DlnheQ7blbT6dHOafNAiS8ooQKA==

braces@~3.0.2:
  version "3.0.2"
  resolved "https://registry.npmjs.org/braces/-/braces-3.0.2.tgz"
  integrity sha512-b8um+L1RzM3WDSzvhm6gIz1yfTbBt6YTlcEKAvsmqCZZFw46z626lVj9j1yEPW33H5H+lBQpZMP1k8l+78Ha0A==
  dependencies:
    fill-range "^7.0.1"

busboy@1.6.0:
  version "1.6.0"
  resolved "https://registry.npmjs.org/busboy/-/busboy-1.6.0.tgz"
  integrity sha512-8SFQbg/0hQ9xy3UNTB0YEnsNBbWfhf7RtnzpL7TkBiTBRfrQ9Fxcnz7VJsleJpyp6rVLvXiuORqjlHi5q+PYuA==
  dependencies:
    streamsearch "^1.1.0"

caniuse-lite@^1.0.30001579:
  version "1.0.30001726"
  resolved "https://registry.npmjs.org/caniuse-lite/-/caniuse-lite-1.0.30001726.tgz"
  integrity sha512-VQAUIUzBiZ/UnlM28fSp2CRF3ivUn1BWEvxMcVTNwpw91Py1pGbPIyIKtd+tzct9C3ouceCVdGAXxZOpZAsgdw==

"chokidar@>=2.0.0 <4.0.0":
  version "3.5.1"
  resolved "https://registry.npmjs.org/chokidar/-/chokidar-3.5.1.tgz"
  integrity sha512-9+s+Od+W0VJJzawDma/gvBNQqkTiqYTWLuZoyAsivsI4AaWTCzHG06/TMjsf1cYe9Cb97UCEhjz7HvnPk2p/tw==
  dependencies:
    anymatch "~3.1.1"
    braces "~3.0.2"
    glob-parent "~5.1.0"
    is-binary-path "~2.1.0"
    is-glob "~4.0.1"
    normalize-path "~3.0.0"
    readdirp "~3.5.0"
  optionalDependencies:
    fsevents "~2.3.1"

client-only@0.0.1:
  version "0.0.1"
  resolved "https://registry.npmjs.org/client-only/-/client-only-0.0.1.tgz"
  integrity sha512-IV3Ou0jSMzZrd3pZ48nLkT9DA7Ag1pnPzaiQhpW7c3RbcqqzvzzVu+L8gfqMp/8IM2MQtSiqaCxrrcfu8I8rMA==

color-convert@^2.0.1:
  version "2.0.1"
  resolved "https://registry.npmjs.org/color-convert/-/color-convert-2.0.1.tgz"
  integrity sha512-RRECPsj7iu/xb5oKYcsFHSppFNnsj/52OVTRKb4zP5onXwVF3zVmmToNcOfGC+CRDpfK/U584fMg38ZHCaElKQ==
  dependencies:
    color-name "~1.1.4"

color-name@^1.0.0, color-name@~1.1.4:
  version "1.1.4"
  resolved "https://registry.npmjs.org/color-name/-/color-name-1.1.4.tgz"
  integrity sha512-dOy+3AuW3a2wNbZHIuMZpTcgjGuLU/uBL/ubcZF9OXbDo8ff4O8yVp5Bf0efS8uEoYo5q4Fx7dY9OgQGXgAsQA==

color-string@^1.9.0:
  version "1.9.1"
  resolved "https://registry.npmjs.org/color-string/-/color-string-1.9.1.tgz"
  integrity sha512-shrVawQFojnZv6xM40anx4CkoDP+fZsw/ZerEMsW/pyzsRbElpsL/DBVW7q3ExxwusdNXI3lXpuhEZkzs8p5Eg==
  dependencies:
    color-name "^1.0.0"
    simple-swizzle "^0.2.2"

color@^4.2.3:
  version "4.2.3"
  resolved "https://registry.npmjs.org/color/-/color-4.2.3.tgz"
  integrity sha512-1rXeuUUiGGrykh+CeBdu5Ie7OJwinCgQY0bc7GCRxy5xVHy+moaqkpL/jqQq0MtQOeYcrqEz4abc5f0KtU7W4A==
  dependencies:
    color-convert "^2.0.1"
    color-string "^1.9.0"

csstype@^3.0.2:
  version "3.0.7"
  resolved "https://registry.npmjs.org/csstype/-/csstype-3.0.7.tgz"
  integrity sha512-KxnUB0ZMlnUWCsx2Z8MUsr6qV6ja1w9ArPErJaJaF8a5SOWoHLIszeCTKGRGRgtLgYrs1E8CHkNSP1VZTTPc9g==

detect-libc@^2.0.4:
  version "2.0.4"
  resolved "https://registry.npmjs.org/detect-libc/-/detect-libc-2.0.4.tgz"
  integrity sha512-3UDv+G9CsCKO1WKMGw9fwq/SWJYbI0c5Y7LU1AXYoDdbhE2AHQ6N6Nb34sG8Fj7T5APy8qXDCKuuIHd1BR0tVA==

fill-range@^7.0.1:
  version "7.0.1"
  resolved "https://registry.npmjs.org/fill-range/-/fill-range-7.0.1.tgz"
  integrity sha512-qOo9F+dMUmC2Lcb4BbVvnKJxTPjCm+RRpe4gDuGrzkL7mEVl/djYSu2OdQ2Pa302N4oqkSg9ir6jaLWJ2USVpQ==
  dependencies:
    to-regex-range "^5.0.1"

fsevents@~2.3.1:
  version "2.3.2"
  resolved "https://registry.npmjs.org/fsevents/-/fsevents-2.3.2.tgz"
  integrity sha512-xiqMQR4xAeHTuB9uWm+fFRcIOgKBMiOBP+eXiyT7jsgVCq1bkVygt00oASowB7EdtpOHaaPgKt812P9ab+DDKA==

glob-parent@~5.1.0:
  version "5.1.2"
  resolved "https://registry.npmjs.org/glob-parent/-/glob-parent-5.1.2.tgz"
  integrity sha512-AOIgSQCepiJYwP3ARnGx+5VnTu2HBYdzbGP45eLw1vr3zB3vZLeyed1sC9hnbcOc9/SrMyM5RPQrkGz4aS9Zow==
  dependencies:
    is-glob "^4.0.1"

graphql@^15.5.0:
  version "15.5.0"
  resolved "https://registry.npmjs.org/graphql/-/graphql-15.5.0.tgz"
  integrity sha512-OmaM7y0kaK31NKG31q4YbD2beNYa6jBBKtMFT6gLYJljHLJr42IqJ8KX08u3Li/0ifzTU5HjmoOOrwa5BRLeDA==

is-arrayish@^0.3.1:
  version "0.3.2"
  resolved "https://registry.npmjs.org/is-arrayish/-/is-arrayish-0.3.2.tgz"
  integrity sha512-eVRqCvVlZbuw3GrM63ovNSNAeA1K16kaR/LRY/92w0zxQ5/1YzwblUX652i4Xs9RwAGjW9d9y6X88t8OaAJfWQ==

is-binary-path@~2.1.0:
  version "2.1.0"
  resolved "https://registry.npmjs.org/is-binary-path/-/is-binary-path-2.1.0.tgz"
  integrity sha512-ZMERYes6pDydyuGidse7OsHxtbI7WVeUEozgR/g7rd0xUimYNlvZRE/K2MgZTjWy725IfelLeVcEM97mmtRGXw==
  dependencies:
    binary-extensions "^2.0.0"

is-extglob@^2.1.1:
  version "2.1.1"
  resolved "https://registry.npmjs.org/is-extglob/-/is-extglob-2.1.1.tgz"
  integrity sha512-SbKbANkN603Vi4jEZv49LeVJMn4yGwsbzZworEoyEiutsN3nJYdbO36zfhGJ6QEDpOZIFkDtnq5JRxmvl3jsoQ==

is-glob@^4.0.1, is-glob@~4.0.1:
  version "4.0.3"
  resolved "https://registry.npmjs.org/is-glob/-/is-glob-4.0.3.tgz"
  integrity sha512-xelSayHH36ZgE7ZWhli7pW34hNbNl8Ojv5KVmkJD4hBdD3th8Tfk9vYasLM+mXWOZhFkgZfxhLSnrwRr4elSSg==
  dependencies:
    is-extglob "^2.1.1"

is-number@^7.0.0:
  version "7.0.0"
  resolved "https://registry.npmjs.org/is-number/-/is-number-7.0.0.tgz"
  integrity sha512-41Cifkg6e8TylSpdtTpeLVMqvSBEVzTttHvERD741+pnZ8ANv0004MRL43QKPDlK9cGvNp6NZWZUBlbGXYxxng==

"js-tokens@^3.0.0 || ^4.0.0":
  version "4.0.0"
  resolved "https://registry.npmjs.org/js-tokens/-/js-tokens-4.0.0.tgz"
  integrity sha512-RdJUflcE3cUzKiMqQgsCu06FPu9UdIJO0beYbPhHN4k6apgJtifcoCtT9bcxOpYBtpD2kCM6Sbzg4CausW/PKQ==

loose-envify@^1.1.0:
  version "1.4.0"
  resolved "https://registry.npmjs.org/loose-envify/-/loose-envify-1.4.0.tgz"
  integrity sha512-lyuxPGr/Wfhrlem2CL/UcnUc1zcqKAImBDzukY7Y5F/yQiNdko6+fRLevlw1HgMySw7f611UIY408EtxRSoK3Q==
  dependencies:
    js-tokens "^3.0.0 || ^4.0.0"

luxon@^3.0.3:
  version "3.0.3"
  resolved "https://registry.npmjs.org/luxon/-/luxon-3.0.3.tgz"
  integrity sha512-+EfHWnF+UT7GgTnq5zXg3ldnTKL2zdv7QJgsU5bjjpbH17E3qi/puMhQyJVYuCq+FRkogvB5WB6iVvUr+E4a7w==

nanoid@^3.3.6:
  version "3.3.11"
  resolved "https://registry.npmjs.org/nanoid/-/nanoid-3.3.11.tgz"
  integrity sha512-N8SpfPUnUp1bK+PMYW8qSWdl9U+wwNWI4QKxOYDy9JAro3WMX7p2OeVRF9v+347pnakNevPmiHhNmZ2HbFA76w==

next@^15.3.4:
  version "15.3.4"
  resolved "https://registry.npmjs.org/next/-/next-15.3.4.tgz"
  integrity sha512-mHKd50C+mCjam/gcnwqL1T1vPx/XQNFlXqFIVdgQdVAFY9iIQtY0IfaVflEYzKiqjeA7B0cYYMaCrmAYFjs4rA==
  dependencies:
    "@next/env" "15.3.4"
    "@swc/counter" "0.1.3"
    "@swc/helpers" "0.5.15"
    busboy "1.6.0"
    caniuse-lite "^1.0.30001579"
    postcss "8.4.31"
    styled-jsx "5.1.6"
  optionalDependencies:
    "@next/swc-darwin-arm64" "15.3.4"
    "@next/swc-darwin-x64" "15.3.4"
    "@next/swc-linux-arm64-gnu" "15.3.4"
    "@next/swc-linux-arm64-musl" "15.3.4"
    "@next/swc-linux-x64-gnu" "15.3.4"
    "@next/swc-linux-x64-musl" "15.3.4"
    "@next/swc-win32-arm64-msvc" "15.3.4"
    "@next/swc-win32-x64-msvc" "15.3.4"
    sharp "^0.34.1"

normalize-path@^3.0.0, normalize-path@~3.0.0:
  version "3.0.0"
  resolved "https://registry.npmjs.org/normalize-path/-/normalize-path-3.0.0.tgz"
  integrity sha512-6eZs5Ls3WtCisHWp9S2GUy8dqkpGi4BVSz3GaqiE6ezub0512ESztXUwUB6C6IKbQkY2Pnb/mD4WYojCRwcwLA==

picocolors@^1.0.0:
  version "1.1.1"
  resolved "https://registry.npmjs.org/picocolors/-/picocolors-1.1.1.tgz"
  integrity sha512-xceH2snhtb5M9liqDsmEw56le376mTZkEX/jEb/RxNFyegNul7eNslCXP9FDj/Lcu0X8KEyMceP2ntpaHrDEVA==

picomatch@^2.0.4, picomatch@^2.2.1:
  version "2.3.1"
  resolved "https://registry.npmjs.org/picomatch/-/picomatch-2.3.1.tgz"
  integrity sha512-JU3teHTNjmE2VCGFzuY8EXzCDVwEqB2a8fsIvwaStHhAWJEeVd1o1QD80CU6+ZdEXXSLbSsuLwJjkCBWqRQUVA==

postcss@8.4.31:
  version "8.4.31"
  resolved "https://registry.npmjs.org/postcss/-/postcss-8.4.31.tgz"
  integrity sha512-PS08Iboia9mts/2ygV3eLpY5ghnUcfLV/EXTOW1E2qYxJKGGBUtNjN76FYHnMs36RmARn41bC0AZmn+rR0OVpQ==
  dependencies:
    nanoid "^3.3.6"
    picocolors "^1.0.0"
    source-map-js "^1.0.2"

"react-dom@^18.2.0 || 19.0.0-rc-de68d2f4-20241204 || ^19.0.0", react-dom@^18.3.1:
  version "18.3.1"
  resolved "https://registry.npmjs.org/react-dom/-/react-dom-18.3.1.tgz"
  integrity sha512-5m4nQKp+rZRb09LNH59GM4BxTh9251/ylbKIbpe7TpGxfJ+9kv6BLkLBXIjjspbgbnIBNqlI23tRnTWT0snUIw==
  dependencies:
    loose-envify "^1.1.0"
    scheduler "^0.23.2"

"react@^18.2.0 || 19.0.0-rc-de68d2f4-20241204 || ^19.0.0", react@^18.3.1, "react@>= 16.8.0 || 17.x.x || ^18.0.0-0 || ^19.0.0-0":
  version "18.3.1"
  resolved "https://registry.npmjs.org/react/-/react-18.3.1.tgz"
  integrity sha512-wS+hAgJShR0KhEvPJArfuPVN1+Hz1t0Y6n5jLrGQbkb4urgPE/0Rve+1kMB1v/oWgHgm4WIcV+i7F2pTVj+2iQ==
  dependencies:
    loose-envify "^1.1.0"

readdirp@~3.5.0:
  version "3.5.0"
  resolved "https://registry.npmjs.org/readdirp/-/readdirp-3.5.0.tgz"
  integrity sha512-cMhu7c/8rdhkHXWsY+osBhfSy0JikwpHK/5+imo+LpeasTF8ouErHrlYkwT0++njiyuDvc7OFY5T3ukvZ8qmFQ==
  dependencies:
    picomatch "^2.2.1"

sass@^1.3.0, sass@^1.32.8:
  version "1.32.8"
  resolved "https://registry.npmjs.org/sass/-/sass-1.32.8.tgz"
  integrity sha512-Sl6mIeGpzjIUZqvKnKETfMf0iDAswD9TNlv13A7aAF3XZlRPMq4VvJWBC2N2DXbp94MQVdNSFG6LfF/iOXrPHQ==
  dependencies:
    chokidar ">=2.0.0 <4.0.0"

scheduler@^0.23.2:
  version "0.23.2"
  resolved "https://registry.npmjs.org/scheduler/-/scheduler-0.23.2.tgz"
  integrity sha512-UOShsPwz7NrMUqhR6t0hWjFduvOzbtv7toDH1/hIrfRNIDBnnBWd0CwJTGvTpngVlmwGCdP9/Zl/tVrDqcuYzQ==
  dependencies:
    loose-envify "^1.1.0"

semver@^7.7.2:
  version "7.7.2"
  resolved "https://registry.npmjs.org/semver/-/semver-7.7.2.tgz"
  integrity sha512-RF0Fw+rO5AMf9MAyaRXI4AV0Ulj5lMHqVxxdSgiVbixSCXoEmmX/jk0CuJw4+3SqroYO9VoUh+HcuJivvtJemA==

sharp@^0.34.1:
  version "0.34.2"
  resolved "https://registry.npmjs.org/sharp/-/sharp-0.34.2.tgz"
  integrity sha512-lszvBmB9QURERtyKT2bNmsgxXK0ShJrL/fvqlonCo7e6xBF8nT8xU6pW+PMIbLsz0RxQk3rgH9kd8UmvOzlMJg==
  dependencies:
    color "^4.2.3"
    detect-libc "^2.0.4"
    semver "^7.7.2"
  optionalDependencies:
    "@img/sharp-darwin-arm64" "0.34.2"
    "@img/sharp-darwin-x64" "0.34.2"
    "@img/sharp-libvips-darwin-arm64" "1.1.0"
    "@img/sharp-libvips-darwin-x64" "1.1.0"
    "@img/sharp-libvips-linux-arm" "1.1.0"
    "@img/sharp-libvips-linux-arm64" "1.1.0"
    "@img/sharp-libvips-linux-ppc64" "1.1.0"
    "@img/sharp-libvips-linux-s390x" "1.1.0"
    "@img/sharp-libvips-linux-x64" "1.1.0"
    "@img/sharp-libvips-linuxmusl-arm64" "1.1.0"
    "@img/sharp-libvips-linuxmusl-x64" "1.1.0"
    "@img/sharp-linux-arm" "0.34.2"
    "@img/sharp-linux-arm64" "0.34.2"
    "@img/sharp-linux-s390x" "0.34.2"
    "@img/sharp-linux-x64" "0.34.2"
    "@img/sharp-linuxmusl-arm64" "0.34.2"
    "@img/sharp-linuxmusl-x64" "0.34.2"
    "@img/sharp-wasm32" "0.34.2"
    "@img/sharp-win32-arm64" "0.34.2"
    "@img/sharp-win32-ia32" "0.34.2"
    "@img/sharp-win32-x64" "0.34.2"

simple-swizzle@^0.2.2:
  version "0.2.2"
  resolved "https://registry.npmjs.org/simple-swizzle/-/simple-swizzle-0.2.2.tgz"
  integrity sha512-JA//kQgZtbuY83m+xT+tXJkmJncGMTFT+C+g2h2R9uxkYIrE2yy9sgmcLhCnw57/WSD+Eh3J97FPEDFnbXnDUg==
  dependencies:
    is-arrayish "^0.3.1"

source-map-js@^1.0.2:
  version "1.2.1"
  resolved "https://registry.npmjs.org/source-map-js/-/source-map-js-1.2.1.tgz"
  integrity sha512-UXWMKhLOwVKb728IUtQPXxfYU+usdybtUrK/8uGE8CQMvrhOpwvzDBwj0QhSL7MQc7vIsISBG8VQ8+IDQxpfQA==

streamsearch@^1.1.0:
  version "1.1.0"
  resolved "https://registry.npmjs.org/streamsearch/-/streamsearch-1.1.0.tgz"
  integrity sha512-Mcc5wHehp9aXz1ax6bZUyY5afg9u2rv5cqQI3mRrYkGC8rW2hM02jWuwjtL++LS5qinSyhj2QfLyNsuc+VsExg==

styled-jsx@5.1.6:
  version "5.1.6"
  resolved "https://registry.npmjs.org/styled-jsx/-/styled-jsx-5.1.6.tgz"
  integrity sha512-qSVyDTeMotdvQYoHWLNGwRFJHC+i+ZvdBRYosOFgC+Wg1vx4frN2/RG/NA7SYqqvKNLf39P2LSRA2pu6n0XYZA==
  dependencies:
    client-only "0.0.1"

to-regex-range@^5.0.1:
  version "5.0.1"
  resolved "https://registry.npmjs.org/to-regex-range/-/to-regex-range-5.0.1.tgz"
  integrity sha512-65P7iz6X5yEr1cwcgvQxbbIw7Uk3gOy5dIdtZ4rDveLqhrdJP+Li/Hx6tyK0NEb+2GCyneCMJiGqrADCSNk8sQ==
  dependencies:
    is-number "^7.0.0"

tslib@^2.8.0:
  version "2.8.1"
  resolved "https://registry.npmjs.org/tslib/-/tslib-2.8.1.tgz"
  integrity sha512-oJFu94HQb+KVduSUQL7wnpmqnfmLsOA/nAh6b6EH0wCEoK0/mPeXU6c3wKDV83MkOuHPRHtSXKKU99IBazS/2w==

typescript@^4.2.3:
  version "4.2.3"
  resolved "https://registry.npmjs.org/typescript/-/typescript-4.2.3.tgz"
  integrity sha512-qOcYwxaByStAWrBf4x0fibwZvMRG+r4cQoTjbPtUlrWjBHbmCAww1i448U0GJ+3cNNEtebDteo/cHOR3xJ4wEw==
